// !$*UTF8*$!
{
	archiveVersion = 1;
	classes = {
	};
	objectVersion = 46;
	objects = {

/* Begin PBXBuildFile section */
		405CA8F818DDAC8F0024D844 /* ALMStartView.m in Sources */ = {isa = PBXBuildFile; fileRef = 405CA8F718DDAC8F0024D844 /* ALMStartView.m */; };
		405CA8FF18DDCCC30024D844 /* ALMAnswers.plist in Resources */ = {isa = PBXBuildFile; fileRef = 405CA8FD18DDCCC30024D844 /* ALMAnswers.plist */; };
		405CA90018DDCCC30024D844 /* ALMQuestions.plist in Resources */ = {isa = PBXBuildFile; fileRef = 405CA8FE18DDCCC30024D844 /* ALMQuestions.plist */; };
		405CA90418DDE9840024D844 /* Podfile in Resources */ = {isa = PBXBuildFile; fileRef = 405CA90318DDE9840024D844 /* Podfile */; };
		409DB77D18DDFC0800C23A9C /* Security.framework in Frameworks */ = {isa = PBXBuildFile; fileRef = 409DB77C18DDFC0800C23A9C /* Security.framework */; };
		409DB77F18DDFC1200C23A9C /* CFNetwork.framework in Frameworks */ = {isa = PBXBuildFile; fileRef = 409DB77E18DDFC1200C23A9C /* CFNetwork.framework */; };
		409DB78118DDFC1D00C23A9C /* SystemConfiguration.framework in Frameworks */ = {isa = PBXBuildFile; fileRef = 409DB78018DDFC1D00C23A9C /* SystemConfiguration.framework */; };
		409DB78318DE063900C23A9C /* AVFoundation.framework in Frameworks */ = {isa = PBXBuildFile; fileRef = 409DB78218DE063800C23A9C /* AVFoundation.framework */; };
		409DB78518DE092F00C23A9C /* warp1.mp3 in Resources */ = {isa = PBXBuildFile; fileRef = 409DB78418DE092F00C23A9C /* warp1.mp3 */; };
		5A96530918DE83840013C9D1 /* ALMHTTPFetcher.m in Sources */ = {isa = PBXBuildFile; fileRef = 5A96530818DE83840013C9D1 /* ALMHTTPFetcher.m */; };
		5A96530C18DE838C0013C9D1 /* ALMAPIFetcher.m in Sources */ = {isa = PBXBuildFile; fileRef = 5A96530B18DE838C0013C9D1 /* ALMAPIFetcher.m */; };
		5A9F2A7918DDC49600448630 /* ALMPeripheralManager.m in Sources */ = {isa = PBXBuildFile; fileRef = 5A9F2A7818DDC49600448630 /* ALMPeripheralManager.m */; };
		5AECDF3318DD9FFE0089F166 /* ABFBeacon.m in Sources */ = {isa = PBXBuildFile; fileRef = 5AECDF3018DD9FFE0089F166 /* ABFBeacon.m */; };
		5AECDF3418DD9FFE0089F166 /* ABFBeaconRegion.m in Sources */ = {isa = PBXBuildFile; fileRef = 5AECDF3218DD9FFE0089F166 /* ABFBeaconRegion.m */; };
		5AECDF3818DDA3240089F166 /* ALMCentralManager.m in Sources */ = {isa = PBXBuildFile; fileRef = 5AECDF3718DDA3240089F166 /* ALMCentralManager.m */; };
		BB413B54C9DF4D8CAACC6B18 /* libPods.a in Frameworks */ = {isa = PBXBuildFile; fileRef = 2051E6EF539E4338847D873C /* libPods.a */; };
		FFDD267D18DD7DE000557A31 /* Foundation.framework in Frameworks */ = {isa = PBXBuildFile; fileRef = FFDD267C18DD7DE000557A31 /* Foundation.framework */; };
		FFDD267F18DD7DE000557A31 /* CoreGraphics.framework in Frameworks */ = {isa = PBXBuildFile; fileRef = FFDD267E18DD7DE000557A31 /* CoreGraphics.framework */; };
		FFDD268118DD7DE000557A31 /* UIKit.framework in Frameworks */ = {isa = PBXBuildFile; fileRef = FFDD268018DD7DE000557A31 /* UIKit.framework */; };
		FFDD268718DD7DE000557A31 /* InfoPlist.strings in Resources */ = {isa = PBXBuildFile; fileRef = FFDD268518DD7DE000557A31 /* InfoPlist.strings */; };
		FFDD268918DD7DE000557A31 /* main.m in Sources */ = {isa = PBXBuildFile; fileRef = FFDD268818DD7DE000557A31 /* main.m */; };
		FFDD268D18DD7DE000557A31 /* ALMAppDelegate.m in Sources */ = {isa = PBXBuildFile; fileRef = FFDD268C18DD7DE000557A31 /* ALMAppDelegate.m */; };
		FFDD269018DD7DE000557A31 /* Main.storyboard in Resources */ = {isa = PBXBuildFile; fileRef = FFDD268E18DD7DE000557A31 /* Main.storyboard */; };
		FFDD269518DD7DE000557A31 /* Images.xcassets in Resources */ = {isa = PBXBuildFile; fileRef = FFDD269418DD7DE000557A31 /* Images.xcassets */; };
		FFDD269C18DD7DE000557A31 /* XCTest.framework in Frameworks */ = {isa = PBXBuildFile; fileRef = FFDD269B18DD7DE000557A31 /* XCTest.framework */; };
		FFDD269D18DD7DE000557A31 /* Foundation.framework in Frameworks */ = {isa = PBXBuildFile; fileRef = FFDD267C18DD7DE000557A31 /* Foundation.framework */; };
		FFDD269E18DD7DE000557A31 /* UIKit.framework in Frameworks */ = {isa = PBXBuildFile; fileRef = FFDD268018DD7DE000557A31 /* UIKit.framework */; };
		FFDD26A618DD7DE000557A31 /* InfoPlist.strings in Resources */ = {isa = PBXBuildFile; fileRef = FFDD26A418DD7DE000557A31 /* InfoPlist.strings */; };
		FFDD26A818DD7DE000557A31 /* AwesomeLightningMachikonTests.m in Sources */ = {isa = PBXBuildFile; fileRef = FFDD26A718DD7DE000557A31 /* AwesomeLightningMachikonTests.m */; };
		FFDD26C018DD837B00557A31 /* ALMAdvertiserViewController.m in Sources */ = {isa = PBXBuildFile; fileRef = FFDD26B918DD837B00557A31 /* ALMAdvertiserViewController.m */; };
		FFDD26C118DD837B00557A31 /* ALMQuestionViewController.m in Sources */ = {isa = PBXBuildFile; fileRef = FFDD26BB18DD837B00557A31 /* ALMQuestionViewController.m */; };
		FFDD26C218DD837B00557A31 /* ALMViewController.m in Sources */ = {isa = PBXBuildFile; fileRef = FFDD26BD18DD837B00557A31 /* ALMViewController.m */; };
/* End PBXBuildFile section */

/* Begin PBXContainerItemProxy section */
		FFDD269F18DD7DE000557A31 /* PBXContainerItemProxy */ = {
			isa = PBXContainerItemProxy;
			containerPortal = FFDD267118DD7DE000557A31 /* Project object */;
			proxyType = 1;
			remoteGlobalIDString = FFDD267818DD7DE000557A31;
			remoteInfo = AwesomeLightningMachikon;
		};
/* End PBXContainerItemProxy section */

/* Begin PBXFileReference section */
		2051E6EF539E4338847D873C /* libPods.a */ = {isa = PBXFileReference; explicitFileType = archive.ar; includeInIndex = 0; path = libPods.a; sourceTree = BUILT_PRODUCTS_DIR; };
		405CA8F618DDAC8F0024D844 /* ALMStartView.h */ = {isa = PBXFileReference; fileEncoding = 4; lastKnownFileType = sourcecode.c.h; path = ALMStartView.h; sourceTree = "<group>"; };
		405CA8F718DDAC8F0024D844 /* ALMStartView.m */ = {isa = PBXFileReference; fileEncoding = 4; lastKnownFileType = sourcecode.c.objc; path = ALMStartView.m; sourceTree = "<group>"; };
		405CA8FD18DDCCC30024D844 /* ALMAnswers.plist */ = {isa = PBXFileReference; fileEncoding = 4; lastKnownFileType = text.plist.xml; path = ALMAnswers.plist; sourceTree = "<group>"; };
		405CA8FE18DDCCC30024D844 /* ALMQuestions.plist */ = {isa = PBXFileReference; fileEncoding = 4; lastKnownFileType = text.plist.xml; path = ALMQuestions.plist; sourceTree = "<group>"; };
		405CA90318DDE9840024D844 /* Podfile */ = {isa = PBXFileReference; fileEncoding = 4; lastKnownFileType = text; path = Podfile; sourceTree = SOURCE_ROOT; xcLanguageSpecificationIdentifier = xcode.lang.ruby; };
		409DB77C18DDFC0800C23A9C /* Security.framework */ = {isa = PBXFileReference; lastKnownFileType = wrapper.framework; name = Security.framework; path = System/Library/Frameworks/Security.framework; sourceTree = SDKROOT; };
		409DB77E18DDFC1200C23A9C /* CFNetwork.framework */ = {isa = PBXFileReference; lastKnownFileType = wrapper.framework; name = CFNetwork.framework; path = System/Library/Frameworks/CFNetwork.framework; sourceTree = SDKROOT; };
		409DB78018DDFC1D00C23A9C /* SystemConfiguration.framework */ = {isa = PBXFileReference; lastKnownFileType = wrapper.framework; name = SystemConfiguration.framework; path = System/Library/Frameworks/SystemConfiguration.framework; sourceTree = SDKROOT; };
		409DB78218DE063800C23A9C /* AVFoundation.framework */ = {isa = PBXFileReference; lastKnownFileType = wrapper.framework; name = AVFoundation.framework; path = System/Library/Frameworks/AVFoundation.framework; sourceTree = SDKROOT; };
		409DB78418DE092F00C23A9C /* warp1.mp3 */ = {isa = PBXFileReference; lastKnownFileType = audio.mp3; name = warp1.mp3; path = AwesomeLightningMachikon/warp1.mp3; sourceTree = "<group>"; };
		5A96530718DE83840013C9D1 /* ALMHTTPFetcher.h */ = {isa = PBXFileReference; fileEncoding = 4; lastKnownFileType = sourcecode.c.h; path = ALMHTTPFetcher.h; sourceTree = "<group>"; };
		5A96530818DE83840013C9D1 /* ALMHTTPFetcher.m */ = {isa = PBXFileReference; fileEncoding = 4; lastKnownFileType = sourcecode.c.objc; path = ALMHTTPFetcher.m; sourceTree = "<group>"; };
		5A96530A18DE838C0013C9D1 /* ALMAPIFetcher.h */ = {isa = PBXFileReference; fileEncoding = 4; lastKnownFileType = sourcecode.c.h; path = ALMAPIFetcher.h; sourceTree = "<group>"; };
		5A96530B18DE838C0013C9D1 /* ALMAPIFetcher.m */ = {isa = PBXFileReference; fileEncoding = 4; lastKnownFileType = sourcecode.c.objc; path = ALMAPIFetcher.m; sourceTree = "<group>"; };
		5A9F2A7718DDC49600448630 /* ALMPeripheralManager.h */ = {isa = PBXFileReference; fileEncoding = 4; lastKnownFileType = sourcecode.c.h; path = ALMPeripheralManager.h; sourceTree = "<group>"; };
		5A9F2A7818DDC49600448630 /* ALMPeripheralManager.m */ = {isa = PBXFileReference; fileEncoding = 4; lastKnownFileType = sourcecode.c.objc; path = ALMPeripheralManager.m; sourceTree = "<group>"; };
		5AECDF2F18DD9FFE0089F166 /* ABFBeacon.h */ = {isa = PBXFileReference; fileEncoding = 4; lastKnownFileType = sourcecode.c.h; path = ABFBeacon.h; sourceTree = "<group>"; };
		5AECDF3018DD9FFE0089F166 /* ABFBeacon.m */ = {isa = PBXFileReference; fileEncoding = 4; lastKnownFileType = sourcecode.c.objc; path = ABFBeacon.m; sourceTree = "<group>"; };
		5AECDF3118DD9FFE0089F166 /* ABFBeaconRegion.h */ = {isa = PBXFileReference; fileEncoding = 4; lastKnownFileType = sourcecode.c.h; path = ABFBeaconRegion.h; sourceTree = "<group>"; };
		5AECDF3218DD9FFE0089F166 /* ABFBeaconRegion.m */ = {isa = PBXFileReference; fileEncoding = 4; lastKnownFileType = sourcecode.c.objc; path = ABFBeaconRegion.m; sourceTree = "<group>"; };
		5AECDF3618DDA3240089F166 /* ALMCentralManager.h */ = {isa = PBXFileReference; fileEncoding = 4; lastKnownFileType = sourcecode.c.h; path = ALMCentralManager.h; sourceTree = "<group>"; };
		5AECDF3718DDA3240089F166 /* ALMCentralManager.m */ = {isa = PBXFileReference; fileEncoding = 4; lastKnownFileType = sourcecode.c.objc; path = ALMCentralManager.m; sourceTree = "<group>"; };
		6B8C9FD761014B389CAC6258 /* Pods.xcconfig */ = {isa = PBXFileReference; includeInIndex = 1; lastKnownFileType = text.xcconfig; name = Pods.xcconfig; path = Pods/Pods.xcconfig; sourceTree = "<group>"; };
		FFDD267918DD7DE000557A31 /* AwesomeLighteningMachikon.app */ = {isa = PBXFileReference; explicitFileType = wrapper.application; includeInIndex = 0; path = AwesomeLighteningMachikon.app; sourceTree = BUILT_PRODUCTS_DIR; };
		FFDD267C18DD7DE000557A31 /* Foundation.framework */ = {isa = PBXFileReference; lastKnownFileType = wrapper.framework; name = Foundation.framework; path = System/Library/Frameworks/Foundation.framework; sourceTree = SDKROOT; };
		FFDD267E18DD7DE000557A31 /* CoreGraphics.framework */ = {isa = PBXFileReference; lastKnownFileType = wrapper.framework; name = CoreGraphics.framework; path = System/Library/Frameworks/CoreGraphics.framework; sourceTree = SDKROOT; };
		FFDD268018DD7DE000557A31 /* UIKit.framework */ = {isa = PBXFileReference; lastKnownFileType = wrapper.framework; name = UIKit.framework; path = System/Library/Frameworks/UIKit.framework; sourceTree = SDKROOT; };
		FFDD268418DD7DE000557A31 /* AwesomeLightningMachikon-Info.plist */ = {isa = PBXFileReference; lastKnownFileType = text.plist.xml; path = "AwesomeLightningMachikon-Info.plist"; sourceTree = "<group>"; };
		FFDD268618DD7DE000557A31 /* en */ = {isa = PBXFileReference; lastKnownFileType = text.plist.strings; name = en; path = en.lproj/InfoPlist.strings; sourceTree = "<group>"; };
		FFDD268818DD7DE000557A31 /* main.m */ = {isa = PBXFileReference; lastKnownFileType = sourcecode.c.objc; path = main.m; sourceTree = "<group>"; };
		FFDD268A18DD7DE000557A31 /* AwesomeLightningMachikon-Prefix.pch */ = {isa = PBXFileReference; lastKnownFileType = sourcecode.c.h; path = "AwesomeLightningMachikon-Prefix.pch"; sourceTree = "<group>"; };
		FFDD268B18DD7DE000557A31 /* ALMAppDelegate.h */ = {isa = PBXFileReference; lastKnownFileType = sourcecode.c.h; path = ALMAppDelegate.h; sourceTree = "<group>"; };
		FFDD268C18DD7DE000557A31 /* ALMAppDelegate.m */ = {isa = PBXFileReference; lastKnownFileType = sourcecode.c.objc; path = ALMAppDelegate.m; sourceTree = "<group>"; };
		FFDD268F18DD7DE000557A31 /* Base */ = {isa = PBXFileReference; lastKnownFileType = file.storyboard; name = Base; path = Base.lproj/Main.storyboard; sourceTree = "<group>"; };
		FFDD269418DD7DE000557A31 /* Images.xcassets */ = {isa = PBXFileReference; lastKnownFileType = folder.assetcatalog; path = Images.xcassets; sourceTree = "<group>"; };
		FFDD269A18DD7DE000557A31 /* AwesomeLightningMachikonTests.xctest */ = {isa = PBXFileReference; explicitFileType = wrapper.cfbundle; includeInIndex = 0; path = AwesomeLightningMachikonTests.xctest; sourceTree = BUILT_PRODUCTS_DIR; };
		FFDD269B18DD7DE000557A31 /* XCTest.framework */ = {isa = PBXFileReference; lastKnownFileType = wrapper.framework; name = XCTest.framework; path = Library/Frameworks/XCTest.framework; sourceTree = DEVELOPER_DIR; };
		FFDD26A318DD7DE000557A31 /* AwesomeLightningMachikonTests-Info.plist */ = {isa = PBXFileReference; lastKnownFileType = text.plist.xml; path = "AwesomeLightningMachikonTests-Info.plist"; sourceTree = "<group>"; };
		FFDD26A518DD7DE000557A31 /* en */ = {isa = PBXFileReference; lastKnownFileType = text.plist.strings; name = en; path = en.lproj/InfoPlist.strings; sourceTree = "<group>"; };
		FFDD26A718DD7DE000557A31 /* AwesomeLightningMachikonTests.m */ = {isa = PBXFileReference; lastKnownFileType = sourcecode.c.objc; path = AwesomeLightningMachikonTests.m; sourceTree = "<group>"; };
		FFDD26B818DD837B00557A31 /* ALMAdvertiserViewController.h */ = {isa = PBXFileReference; fileEncoding = 4; lastKnownFileType = sourcecode.c.h; path = ALMAdvertiserViewController.h; sourceTree = "<group>"; };
		FFDD26B918DD837B00557A31 /* ALMAdvertiserViewController.m */ = {isa = PBXFileReference; fileEncoding = 4; lastKnownFileType = sourcecode.c.objc; path = ALMAdvertiserViewController.m; sourceTree = "<group>"; };
		FFDD26BA18DD837B00557A31 /* ALMQuestionViewController.h */ = {isa = PBXFileReference; fileEncoding = 4; lastKnownFileType = sourcecode.c.h; path = ALMQuestionViewController.h; sourceTree = "<group>"; };
		FFDD26BB18DD837B00557A31 /* ALMQuestionViewController.m */ = {isa = PBXFileReference; fileEncoding = 4; lastKnownFileType = sourcecode.c.objc; path = ALMQuestionViewController.m; sourceTree = "<group>"; };
		FFDD26BC18DD837B00557A31 /* ALMViewController.h */ = {isa = PBXFileReference; fileEncoding = 4; lastKnownFileType = sourcecode.c.h; path = ALMViewController.h; sourceTree = "<group>"; };
		FFDD26BD18DD837B00557A31 /* ALMViewController.m */ = {isa = PBXFileReference; fileEncoding = 4; lastKnownFileType = sourcecode.c.objc; path = ALMViewController.m; sourceTree = "<group>"; };
/* End PBXFileReference section */

/* Begin PBXFrameworksBuildPhase section */
		FFDD267618DD7DE000557A31 /* Frameworks */ = {
			isa = PBXFrameworksBuildPhase;
			buildActionMask = 2147483647;
			files = (
				409DB78318DE063900C23A9C /* AVFoundation.framework in Frameworks */,
				409DB78118DDFC1D00C23A9C /* SystemConfiguration.framework in Frameworks */,
				409DB77F18DDFC1200C23A9C /* CFNetwork.framework in Frameworks */,
				409DB77D18DDFC0800C23A9C /* Security.framework in Frameworks */,
				FFDD267F18DD7DE000557A31 /* CoreGraphics.framework in Frameworks */,
				FFDD268118DD7DE000557A31 /* UIKit.framework in Frameworks */,
				FFDD267D18DD7DE000557A31 /* Foundation.framework in Frameworks */,
				BB413B54C9DF4D8CAACC6B18 /* libPods.a in Frameworks */,
			);
			runOnlyForDeploymentPostprocessing = 0;
		};
		FFDD269718DD7DE000557A31 /* Frameworks */ = {
			isa = PBXFrameworksBuildPhase;
			buildActionMask = 2147483647;
			files = (
				FFDD269C18DD7DE000557A31 /* XCTest.framework in Frameworks */,
				FFDD269E18DD7DE000557A31 /* UIKit.framework in Frameworks */,
				FFDD269D18DD7DE000557A31 /* Foundation.framework in Frameworks */,
			);
			runOnlyForDeploymentPostprocessing = 0;
		};
/* End PBXFrameworksBuildPhase section */

/* Begin PBXGroup section */
		5A96530518DE83840013C9D1 /* Commons */ = {
			isa = PBXGroup;
			children = (
				5A96530618DE83840013C9D1 /* HTTP */,
			);
			path = Commons;
			sourceTree = "<group>";
		};
		5A96530618DE83840013C9D1 /* HTTP */ = {
			isa = PBXGroup;
			children = (
				5A96530718DE83840013C9D1 /* ALMHTTPFetcher.h */,
				5A96530818DE83840013C9D1 /* ALMHTTPFetcher.m */,
			);
			path = HTTP;
			sourceTree = "<group>";
		};
		5AECDF2D18DD9FFE0089F166 /* Libraries */ = {
			isa = PBXGroup;
			children = (
				5AECDF2E18DD9FFE0089F166 /* ABFBeacon */,
			);
			path = Libraries;
			sourceTree = "<group>";
		};
		5AECDF2E18DD9FFE0089F166 /* ABFBeacon */ = {
			isa = PBXGroup;
			children = (
				5AECDF2F18DD9FFE0089F166 /* ABFBeacon.h */,
				5AECDF3018DD9FFE0089F166 /* ABFBeacon.m */,
				5AECDF3118DD9FFE0089F166 /* ABFBeaconRegion.h */,
				5AECDF3218DD9FFE0089F166 /* ABFBeaconRegion.m */,
			);
			path = ABFBeacon;
			sourceTree = "<group>";
		};
		5AECDF3518DDA2FA0089F166 /* Models */ = {
			isa = PBXGroup;
			children = (
				5A96530A18DE838C0013C9D1 /* ALMAPIFetcher.h */,
				5A96530B18DE838C0013C9D1 /* ALMAPIFetcher.m */,
				405CA8FD18DDCCC30024D844 /* ALMAnswers.plist */,
				405CA8FE18DDCCC30024D844 /* ALMQuestions.plist */,
				5AECDF3618DDA3240089F166 /* ALMCentralManager.h */,
				5AECDF3718DDA3240089F166 /* ALMCentralManager.m */,
				5A9F2A7718DDC49600448630 /* ALMPeripheralManager.h */,
				5A9F2A7818DDC49600448630 /* ALMPeripheralManager.m */,
			);
			path = Models;
			sourceTree = "<group>";
		};
		FFDD267018DD7DE000557A31 = {
			isa = PBXGroup;
			children = (
				409DB78418DE092F00C23A9C /* warp1.mp3 */,
				FFDD268218DD7DE000557A31 /* AwesomeLightningMachikon */,
				FFDD26A118DD7DE000557A31 /* AwesomeLightningMachikonTests */,
				FFDD267B18DD7DE000557A31 /* Frameworks */,
				FFDD267A18DD7DE000557A31 /* Products */,
				6B8C9FD761014B389CAC6258 /* Pods.xcconfig */,
			);
			sourceTree = "<group>";
		};
		FFDD267A18DD7DE000557A31 /* Products */ = {
			isa = PBXGroup;
			children = (
				FFDD267918DD7DE000557A31 /* AwesomeLighteningMachikon.app */,
				FFDD269A18DD7DE000557A31 /* AwesomeLightningMachikonTests.xctest */,
			);
			name = Products;
			sourceTree = "<group>";
		};
		FFDD267B18DD7DE000557A31 /* Frameworks */ = {
			isa = PBXGroup;
			children = (
				409DB78218DE063800C23A9C /* AVFoundation.framework */,
				409DB78018DDFC1D00C23A9C /* SystemConfiguration.framework */,
				409DB77E18DDFC1200C23A9C /* CFNetwork.framework */,
				409DB77C18DDFC0800C23A9C /* Security.framework */,
				FFDD267C18DD7DE000557A31 /* Foundation.framework */,
				FFDD267E18DD7DE000557A31 /* CoreGraphics.framework */,
				FFDD268018DD7DE000557A31 /* UIKit.framework */,
				FFDD269B18DD7DE000557A31 /* XCTest.framework */,
				2051E6EF539E4338847D873C /* libPods.a */,
			);
			name = Frameworks;
			sourceTree = "<group>";
		};
		FFDD268218DD7DE000557A31 /* AwesomeLightningMachikon */ = {
			isa = PBXGroup;
			children = (
				FFDD268B18DD7DE000557A31 /* ALMAppDelegate.h */,
				FFDD268C18DD7DE000557A31 /* ALMAppDelegate.m */,
				5A96530518DE83840013C9D1 /* Commons */,
				FFDD26B718DD837B00557A31 /* Controllers */,
				FFDD26BF18DD837B00557A31 /* Views */,
				5AECDF3518DDA2FA0089F166 /* Models */,
				5AECDF2D18DD9FFE0089F166 /* Libraries */,
				FFDD268E18DD7DE000557A31 /* Main.storyboard */,
				FFDD269418DD7DE000557A31 /* Images.xcassets */,
				FFDD268318DD7DE000557A31 /* Supporting Files */,
			);
			path = AwesomeLightningMachikon;
			sourceTree = "<group>";
		};
		FFDD268318DD7DE000557A31 /* Supporting Files */ = {
			isa = PBXGroup;
			children = (
				405CA90318DDE9840024D844 /* Podfile */,
				FFDD268418DD7DE000557A31 /* AwesomeLightningMachikon-Info.plist */,
				FFDD268518DD7DE000557A31 /* InfoPlist.strings */,
				FFDD268818DD7DE000557A31 /* main.m */,
				FFDD268A18DD7DE000557A31 /* AwesomeLightningMachikon-Prefix.pch */,
			);
			name = "Supporting Files";
			sourceTree = "<group>";
		};
		FFDD26A118DD7DE000557A31 /* AwesomeLightningMachikonTests */ = {
			isa = PBXGroup;
			children = (
				FFDD26A718DD7DE000557A31 /* AwesomeLightningMachikonTests.m */,
				FFDD26A218DD7DE000557A31 /* Supporting Files */,
			);
			path = AwesomeLightningMachikonTests;
			sourceTree = "<group>";
		};
		FFDD26A218DD7DE000557A31 /* Supporting Files */ = {
			isa = PBXGroup;
			children = (
				FFDD26A318DD7DE000557A31 /* AwesomeLightningMachikonTests-Info.plist */,
				FFDD26A418DD7DE000557A31 /* InfoPlist.strings */,
			);
			name = "Supporting Files";
			sourceTree = "<group>";
		};
		FFDD26B718DD837B00557A31 /* Controllers */ = {
			isa = PBXGroup;
			children = (
				FFDD26B818DD837B00557A31 /* ALMAdvertiserViewController.h */,
				FFDD26B918DD837B00557A31 /* ALMAdvertiserViewController.m */,
				FFDD26BA18DD837B00557A31 /* ALMQuestionViewController.h */,
				FFDD26BB18DD837B00557A31 /* ALMQuestionViewController.m */,
				FFDD26BC18DD837B00557A31 /* ALMViewController.h */,
				FFDD26BD18DD837B00557A31 /* ALMViewController.m */,
			);
			path = Controllers;
			sourceTree = "<group>";
		};
		FFDD26BF18DD837B00557A31 /* Views */ = {
			isa = PBXGroup;
			children = (
				405CA8F618DDAC8F0024D844 /* ALMStartView.h */,
				405CA8F718DDAC8F0024D844 /* ALMStartView.m */,
			);
			path = Views;
			sourceTree = "<group>";
		};
/* End PBXGroup section */

/* Begin PBXNativeTarget section */
		FFDD267818DD7DE000557A31 /* AwesomeLighteningMachikon */ = {
			isa = PBXNativeTarget;
			buildConfigurationList = FFDD26AB18DD7DE000557A31 /* Build configuration list for PBXNativeTarget "AwesomeLighteningMachikon" */;
			buildPhases = (
				C0255F9AA550438D8D4B7AC3 /* Check Pods Manifest.lock */,
				FFDD267518DD7DE000557A31 /* Sources */,
				FFDD267618DD7DE000557A31 /* Frameworks */,
				FFDD267718DD7DE000557A31 /* Resources */,
				F1585997ABB745D0962388B1 /* Copy Pods Resources */,
			);
			buildRules = (
			);
			dependencies = (
			);
			name = AwesomeLighteningMachikon;
			productName = AwesomeLightningMachikon;
			productReference = FFDD267918DD7DE000557A31 /* AwesomeLighteningMachikon.app */;
			productType = "com.apple.product-type.application";
		};
		FFDD269918DD7DE000557A31 /* AwesomeLightningMachikonTests */ = {
			isa = PBXNativeTarget;
			buildConfigurationList = FFDD26AE18DD7DE000557A31 /* Build configuration list for PBXNativeTarget "AwesomeLightningMachikonTests" */;
			buildPhases = (
				FFDD269618DD7DE000557A31 /* Sources */,
				FFDD269718DD7DE000557A31 /* Frameworks */,
				FFDD269818DD7DE000557A31 /* Resources */,
			);
			buildRules = (
			);
			dependencies = (
				FFDD26A018DD7DE000557A31 /* PBXTargetDependency */,
			);
			name = AwesomeLightningMachikonTests;
			productName = AwesomeLightningMachikonTests;
			productReference = FFDD269A18DD7DE000557A31 /* AwesomeLightningMachikonTests.xctest */;
			productType = "com.apple.product-type.bundle.unit-test";
		};
/* End PBXNativeTarget section */

/* Begin PBXProject section */
		FFDD267118DD7DE000557A31 /* Project object */ = {
			isa = PBXProject;
			attributes = {
				CLASSPREFIX = ALM;
				LastUpgradeCheck = 0510;
				ORGANIZATIONNAME = machikons;
				TargetAttributes = {
					FFDD267818DD7DE000557A31 = {
						DevelopmentTeam = 52B56439YF;
					};
				};
			};
			buildConfigurationList = FFDD267418DD7DE000557A31 /* Build configuration list for PBXProject "AwesomeLightningMachikon" */;
			compatibilityVersion = "Xcode 3.2";
			developmentRegion = English;
			hasScannedForEncodings = 0;
			knownRegions = (
				en,
				Base,
			);
			mainGroup = FFDD267018DD7DE000557A31;
			productRefGroup = FFDD267A18DD7DE000557A31 /* Products */;
			projectDirPath = "";
			projectRoot = "";
			targets = (
				FFDD267818DD7DE000557A31 /* AwesomeLighteningMachikon */,
				FFDD269918DD7DE000557A31 /* AwesomeLightningMachikonTests */,
			);
		};
/* End PBXProject section */

/* Begin PBXResourcesBuildPhase section */
		FFDD267718DD7DE000557A31 /* Resources */ = {
			isa = PBXResourcesBuildPhase;
			buildActionMask = 2147483647;
			files = (
				405CA90018DDCCC30024D844 /* ALMQuestions.plist in Resources */,
				FFDD269518DD7DE000557A31 /* Images.xcassets in Resources */,
				405CA90418DDE9840024D844 /* Podfile in Resources */,
				409DB78518DE092F00C23A9C /* warp1.mp3 in Resources */,
				FFDD268718DD7DE000557A31 /* InfoPlist.strings in Resources */,
				FFDD269018DD7DE000557A31 /* Main.storyboard in Resources */,
				405CA8FF18DDCCC30024D844 /* ALMAnswers.plist in Resources */,
			);
			runOnlyForDeploymentPostprocessing = 0;
		};
		FFDD269818DD7DE000557A31 /* Resources */ = {
			isa = PBXResourcesBuildPhase;
			buildActionMask = 2147483647;
			files = (
				FFDD26A618DD7DE000557A31 /* InfoPlist.strings in Resources */,
			);
			runOnlyForDeploymentPostprocessing = 0;
		};
/* End PBXResourcesBuildPhase section */

/* Begin PBXShellScriptBuildPhase section */
		C0255F9AA550438D8D4B7AC3 /* Check Pods Manifest.lock */ = {
			isa = PBXShellScriptBuildPhase;
			buildActionMask = 2147483647;
			files = (
			);
			inputPaths = (
			);
			name = "Check Pods Manifest.lock";
			outputPaths = (
			);
			runOnlyForDeploymentPostprocessing = 0;
			shellPath = /bin/sh;
			shellScript = "diff \"${PODS_ROOT}/../Podfile.lock\" \"${PODS_ROOT}/Manifest.lock\" > /dev/null\nif [[ $? != 0 ]] ; then\n    cat << EOM\nerror: The sandbox is not in sync with the Podfile.lock. Run 'pod install' or update your CocoaPods installation.\nEOM\n    exit 1\nfi\n";
			showEnvVarsInLog = 0;
		};
		F1585997ABB745D0962388B1 /* Copy Pods Resources */ = {
			isa = PBXShellScriptBuildPhase;
			buildActionMask = 2147483647;
			files = (
			);
			inputPaths = (
			);
			name = "Copy Pods Resources";
			outputPaths = (
			);
			runOnlyForDeploymentPostprocessing = 0;
			shellPath = /bin/sh;
			shellScript = "\"${SRCROOT}/Pods/Pods-resources.sh\"\n";
			showEnvVarsInLog = 0;
		};
/* End PBXShellScriptBuildPhase section */

/* Begin PBXSourcesBuildPhase section */
		FFDD267518DD7DE000557A31 /* Sources */ = {
			isa = PBXSourcesBuildPhase;
			buildActionMask = 2147483647;
			files = (
				5A9F2A7918DDC49600448630 /* ALMPeripheralManager.m in Sources */,
				405CA8F818DDAC8F0024D844 /* ALMStartView.m in Sources */,
				5A96530918DE83840013C9D1 /* ALMHTTPFetcher.m in Sources */,
				5A96530C18DE838C0013C9D1 /* ALMAPIFetcher.m in Sources */,
				FFDD268918DD7DE000557A31 /* main.m in Sources */,
				5AECDF3318DD9FFE0089F166 /* ABFBeacon.m in Sources */,
				FFDD26C218DD837B00557A31 /* ALMViewController.m in Sources */,
				FFDD26C018DD837B00557A31 /* ALMAdvertiserViewController.m in Sources */,
				5AECDF3818DDA3240089F166 /* ALMCentralManager.m in Sources */,
				FFDD268D18DD7DE000557A31 /* ALMAppDelegate.m in Sources */,
				5AECDF3418DD9FFE0089F166 /* ABFBeaconRegion.m in Sources */,
				FFDD26C118DD837B00557A31 /* ALMQuestionViewController.m in Sources */,
			);
			runOnlyForDeploymentPostprocessing = 0;
		};
		FFDD269618DD7DE000557A31 /* Sources */ = {
			isa = PBXSourcesBuildPhase;
			buildActionMask = 2147483647;
			files = (
				FFDD26A818DD7DE000557A31 /* AwesomeLightningMachikonTests.m in Sources */,
			);
			runOnlyForDeploymentPostprocessing = 0;
		};
/* End PBXSourcesBuildPhase section */

/* Begin PBXTargetDependency section */
		FFDD26A018DD7DE000557A31 /* PBXTargetDependency */ = {
			isa = PBXTargetDependency;
			target = FFDD267818DD7DE000557A31 /* AwesomeLighteningMachikon */;
			targetProxy = FFDD269F18DD7DE000557A31 /* PBXContainerItemProxy */;
		};
/* End PBXTargetDependency section */

/* Begin PBXVariantGroup section */
		FFDD268518DD7DE000557A31 /* InfoPlist.strings */ = {
			isa = PBXVariantGroup;
			children = (
				FFDD268618DD7DE000557A31 /* en */,
			);
			name = InfoPlist.strings;
			sourceTree = "<group>";
		};
		FFDD268E18DD7DE000557A31 /* Main.storyboard */ = {
			isa = PBXVariantGroup;
			children = (
				FFDD268F18DD7DE000557A31 /* Base */,
			);
			name = Main.storyboard;
			sourceTree = "<group>";
		};
		FFDD26A418DD7DE000557A31 /* InfoPlist.strings */ = {
			isa = PBXVariantGroup;
			children = (
				FFDD26A518DD7DE000557A31 /* en */,
			);
			name = InfoPlist.strings;
			sourceTree = "<group>";
		};
/* End PBXVariantGroup section */

/* Begin XCBuildConfiguration section */
		FFDD26A918DD7DE000557A31 /* Debug */ = {
			isa = XCBuildConfiguration;
			buildSettings = {
				ALWAYS_SEARCH_USER_PATHS = NO;
				CLANG_CXX_LANGUAGE_STANDARD = "gnu++0x";
				CLANG_CXX_LIBRARY = "libc++";
				CLANG_ENABLE_MODULES = YES;
				CLANG_ENABLE_OBJC_ARC = YES;
				CLANG_WARN_BOOL_CONVERSION = YES;
				CLANG_WARN_CONSTANT_CONVERSION = YES;
				CLANG_WARN_DIRECT_OBJC_ISA_USAGE = YES_ERROR;
				CLANG_WARN_EMPTY_BODY = YES;
				CLANG_WARN_ENUM_CONVERSION = YES;
				CLANG_WARN_INT_CONVERSION = YES;
				CLANG_WARN_OBJC_ROOT_CLASS = YES_ERROR;
				CLANG_WARN__DUPLICATE_METHOD_MATCH = YES;
				"CODE_SIGN_IDENTITY[sdk=iphoneos*]" = "iPhone Developer";
				COPY_PHASE_STRIP = NO;
				GCC_C_LANGUAGE_STANDARD = gnu99;
				GCC_DYNAMIC_NO_PIC = NO;
				GCC_OPTIMIZATION_LEVEL = 0;
				GCC_PREPROCESSOR_DEFINITIONS = (
					"DEBUG=1",
					"$(inherited)",
				);
				GCC_SYMBOLS_PRIVATE_EXTERN = NO;
				GCC_WARN_64_TO_32_BIT_CONVERSION = YES;
				GCC_WARN_ABOUT_RETURN_TYPE = YES_ERROR;
				GCC_WARN_UNDECLARED_SELECTOR = YES;
				GCC_WARN_UNINITIALIZED_AUTOS = YES_AGGRESSIVE;
				GCC_WARN_UNUSED_FUNCTION = YES;
				GCC_WARN_UNUSED_VARIABLE = YES;
				IPHONEOS_DEPLOYMENT_TARGET = 7.0;
				ONLY_ACTIVE_ARCH = YES;
				SDKROOT = iphoneos;
			};
			name = Debug;
		};
		FFDD26AA18DD7DE000557A31 /* Release */ = {
			isa = XCBuildConfiguration;
			buildSettings = {
				ALWAYS_SEARCH_USER_PATHS = NO;
				CLANG_CXX_LANGUAGE_STANDARD = "gnu++0x";
				CLANG_CXX_LIBRARY = "libc++";
				CLANG_ENABLE_MODULES = YES;
				CLANG_ENABLE_OBJC_ARC = YES;
				CLANG_WARN_BOOL_CONVERSION = YES;
				CLANG_WARN_CONSTANT_CONVERSION = YES;
				CLANG_WARN_DIRECT_OBJC_ISA_USAGE = YES_ERROR;
				CLANG_WARN_EMPTY_BODY = YES;
				CLANG_WARN_ENUM_CONVERSION = YES;
				CLANG_WARN_INT_CONVERSION = YES;
				CLANG_WARN_OBJC_ROOT_CLASS = YES_ERROR;
				CLANG_WARN__DUPLICATE_METHOD_MATCH = YES;
				"CODE_SIGN_IDENTITY[sdk=iphoneos*]" = "iPhone Developer";
				COPY_PHASE_STRIP = YES;
				ENABLE_NS_ASSERTIONS = NO;
				GCC_C_LANGUAGE_STANDARD = gnu99;
				GCC_WARN_64_TO_32_BIT_CONVERSION = YES;
				GCC_WARN_ABOUT_RETURN_TYPE = YES_ERROR;
				GCC_WARN_UNDECLARED_SELECTOR = YES;
				GCC_WARN_UNINITIALIZED_AUTOS = YES_AGGRESSIVE;
				GCC_WARN_UNUSED_FUNCTION = YES;
				GCC_WARN_UNUSED_VARIABLE = YES;
				IPHONEOS_DEPLOYMENT_TARGET = 7.0;
				SDKROOT = iphoneos;
				VALIDATE_PRODUCT = YES;
			};
			name = Release;
		};
		FFDD26AC18DD7DE000557A31 /* Debug */ = {
			isa = XCBuildConfiguration;
			baseConfigurationReference = 6B8C9FD761014B389CAC6258 /* Pods.xcconfig */;
			buildSettings = {
				ASSETCATALOG_COMPILER_APPICON_NAME = AppIcon;
				ASSETCATALOG_COMPILER_LAUNCHIMAGE_NAME = LaunchImage;
				CODE_SIGN_IDENTITY = "iPhone Developer";
				"CODE_SIGN_IDENTITY[sdk=iphoneos*]" = "iPhone Developer";
				GCC_PRECOMPILE_PREFIX_HEADER = YES;
				GCC_PREFIX_HEADER = "AwesomeLightningMachikon/AwesomeLightningMachikon-Prefix.pch";
				INFOPLIST_FILE = "AwesomeLightningMachikon/AwesomeLightningMachikon-Info.plist";
				PRODUCT_NAME = "$(TARGET_NAME)";
				PROVISIONING_PROFILE = "";
				WRAPPER_EXTENSION = app;
			};
			name = Debug;
		};
		FFDD26AD18DD7DE000557A31 /* Release */ = {
			isa = XCBuildConfiguration;
			baseConfigurationReference = 6B8C9FD761014B389CAC6258 /* Pods.xcconfig */;
			buildSettings = {
				ASSETCATALOG_COMPILER_APPICON_NAME = AppIcon;
				ASSETCATALOG_COMPILER_LAUNCHIMAGE_NAME = LaunchImage;
				CODE_SIGN_IDENTITY = "iPhone Developer";
				"CODE_SIGN_IDENTITY[sdk=iphoneos*]" = "iPhone Developer";
				GCC_PRECOMPILE_PREFIX_HEADER = YES;
				GCC_PREFIX_HEADER = "AwesomeLightningMachikon/AwesomeLightningMachikon-Prefix.pch";
				INFOPLIST_FILE = "AwesomeLightningMachikon/AwesomeLightningMachikon-Info.plist";
				PRODUCT_NAME = "$(TARGET_NAME)";
				PROVISIONING_PROFILE = "";
				WRAPPER_EXTENSION = app;
			};
			name = Release;
		};
		FFDD26AF18DD7DE000557A31 /* Debug */ = {
			isa = XCBuildConfiguration;
			buildSettings = {
				BUNDLE_LOADER = "$(BUILT_PRODUCTS_DIR)/AwesomeLightningMachikon.app/AwesomeLightningMachikon";
				FRAMEWORK_SEARCH_PATHS = (
					"$(SDKROOT)/Developer/Library/Frameworks",
					"$(inherited)",
					"$(DEVELOPER_FRAMEWORKS_DIR)",
				);
				GCC_PRECOMPILE_PREFIX_HEADER = YES;
				GCC_PREFIX_HEADER = "AwesomeLightningMachikon/AwesomeLightningMachikon-Prefix.pch";
				GCC_PREPROCESSOR_DEFINITIONS = (
					"DEBUG=1",
					"$(inherited)",
				);
				INFOPLIST_FILE = "AwesomeLightningMachikonTests/AwesomeLightningMachikonTests-Info.plist";
				PRODUCT_NAME = "$(TARGET_NAME)";
				TEST_HOST = "$(BUNDLE_LOADER)";
				WRAPPER_EXTENSION = xctest;
			};
			name = Debug;
		};
		FFDD26B018DD7DE000557A31 /* Release */ = {
			isa = XCBuildConfiguration;
			buildSettings = {
				BUNDLE_LOADER = "$(BUILT_PRODUCTS_DIR)/AwesomeLightningMachikon.app/AwesomeLightningMachikon";
				FRAMEWORK_SEARCH_PATHS = (
					"$(SDKROOT)/Developer/Library/Frameworks",
					"$(inherited)",
					"$(DEVELOPER_FRAMEWORKS_DIR)",
				);
				GCC_PRECOMPILE_PREFIX_HEADER = YES;
				GCC_PREFIX_HEADER = "AwesomeLightningMachikon/AwesomeLightningMachikon-Prefix.pch";
				INFOPLIST_FILE = "AwesomeLightningMachikonTests/AwesomeLightningMachikonTests-Info.plist";
				PRODUCT_NAME = "$(TARGET_NAME)";
				TEST_HOST = "$(BUNDLE_LOADER)";
				WRAPPER_EXTENSION = xctest;
			};
			name = Release;
		};
/* End XCBuildConfiguration section */

/* Begin XCConfigurationList section */
		FFDD267418DD7DE000557A31 /* Build configuration list for PBXProject "AwesomeLightningMachikon" */ = {
			isa = XCConfigurationList;
			buildConfigurations = (
				FFDD26A918DD7DE000557A31 /* Debug */,
				FFDD26AA18DD7DE000557A31 /* Release */,
			);
			defaultConfigurationIsVisible = 0;
			defaultConfigurationName = Release;
		};
		FFDD26AB18DD7DE000557A31 /* Build configuration list for PBXNativeTarget "AwesomeLighteningMachikon" */ = {
			isa = XCConfigurationList;
			buildConfigurations = (
				FFDD26AC18DD7DE000557A31 /* Debug */,
				FFDD26AD18DD7DE000557A31 /* Release */,
			);
			defaultConfigurationIsVisible = 0;
			defaultConfigurationName = Release;
		};
		FFDD26AE18DD7DE000557A31 /* Build configuration list for PBXNativeTarget "AwesomeLightningMachikonTests" */ = {
			isa = XCConfigurationList;
			buildConfigurations = (
				FFDD26AF18DD7DE000557A31 /* Debug */,
				FFDD26B018DD7DE000557A31 /* Release */,
			);
			defaultConfigurationIsVisible = 0;
			defaultConfigurationName = Release;
		};
/* End XCConfigurationList section */
	};
	rootObject = FFDD267118DD7DE000557A31 /* Project object */;
}
